// !$*UTF8*$!
{
	archiveVersion = 1;
	classes = {
	};
	objectVersion = 56;
	objects = {

/* Begin PBXBuildFile section */
		1EAD85652C12665B0070253F /* nemo.png in CopyFiles */ = {isa = PBXBuildFile; fileRef = 1EAD85642C1266570070253F /* nemo.png */; };
		1EAD85672C126A570070253F /* dory.png in CopyFiles */ = {isa = PBXBuildFile; fileRef = 1EAD85662C126A510070253F /* dory.png */; };
		1EFB84DF2C122479007F8329 /* main.cpp in Sources */ = {isa = PBXBuildFile; fileRef = 1EFB84DE2C122479007F8329 /* main.cpp */; };
		1EFB84EA2C12248B007F8329 /* ShaderProgram.cpp in Sources */ = {isa = PBXBuildFile; fileRef = 1EFB84E82C12248A007F8329 /* ShaderProgram.cpp */; };
		1EFB84ED2C1224BF007F8329 /* OpenGL.framework in Frameworks */ = {isa = PBXBuildFile; fileRef = 1EFB84EC2C1224BF007F8329 /* OpenGL.framework */; };
		1EFB84EF2C1224C2007F8329 /* Cocoa.framework in Frameworks */ = {isa = PBXBuildFile; fileRef = 1EFB84EE2C1224C2007F8329 /* Cocoa.framework */; };
		1EFB84F32C1224CF007F8329 /* SDL2_mixer.framework in Frameworks */ = {isa = PBXBuildFile; fileRef = 1EFB84F02C1224CF007F8329 /* SDL2_mixer.framework */; };
		1EFB84F42C1224CF007F8329 /* SDL2.framework in Frameworks */ = {isa = PBXBuildFile; fileRef = 1EFB84F12C1224CF007F8329 /* SDL2.framework */; };
		1EFB84F52C1224CF007F8329 /* SDL2_image.framework in Frameworks */ = {isa = PBXBuildFile; fileRef = 1EFB84F22C1224CF007F8329 /* SDL2_image.framework */; };
		1EFB84F62C1224D8007F8329 /* shaders in CopyFiles */ = {isa = PBXBuildFile; fileRef = 1EFB84E62C12248A007F8329 /* shaders */; };
/* End PBXBuildFile section */

/* Begin PBXCopyFilesBuildPhase section */
		1EFB84D92C122479007F8329 /* CopyFiles */ = {
			isa = PBXCopyFilesBuildPhase;
			buildActionMask = 2147483647;
			dstPath = "";
			dstSubfolderSpec = 6;
			files = (
				1EFB84F62C1224D8007F8329 /* shaders in CopyFiles */,
				1EAD85652C12665B0070253F /* nemo.png in CopyFiles */,
				1EAD85672C126A570070253F /* dory.png in CopyFiles */,
			);
			runOnlyForDeploymentPostprocessing = 1;
		};
/* End PBXCopyFilesBuildPhase section */

/* Begin PBXFileReference section */
		1EAD85642C1266570070253F /* nemo.png */ = {isa = PBXFileReference; lastKnownFileType = image.png; path = nemo.png; sourceTree = "<group>"; };
		1EAD85662C126A510070253F /* dory.png */ = {isa = PBXFileReference; lastKnownFileType = image.png; path = dory.png; sourceTree = "<group>"; };
		1EFB84DB2C122479007F8329 /* SDLProject1 */ = {isa = PBXFileReference; explicitFileType = "compiled.mach-o.executable"; includeInIndex = 0; path = SDLProject1; sourceTree = BUILT_PRODUCTS_DIR; };
		1EFB84DE2C122479007F8329 /* main.cpp */ = {isa = PBXFileReference; lastKnownFileType = sourcecode.cpp.cpp; path = main.cpp; sourceTree = "<group>"; };
		1EFB84E52C12248A007F8329 /* ShaderProgram.h */ = {isa = PBXFileReference; fileEncoding = 4; lastKnownFileType = sourcecode.c.h; path = ShaderProgram.h; sourceTree = "<group>"; };
		1EFB84E62C12248A007F8329 /* shaders */ = {isa = PBXFileReference; lastKnownFileType = folder; path = shaders; sourceTree = "<group>"; };
		1EFB84E72C12248A007F8329 /* stb_image.h */ = {isa = PBXFileReference; fileEncoding = 4; lastKnownFileType = sourcecode.c.h; path = stb_image.h; sourceTree = "<group>"; };
		1EFB84E82C12248A007F8329 /* ShaderProgram.cpp */ = {isa = PBXFileReference; fileEncoding = 4; lastKnownFileType = sourcecode.cpp.cpp; path = ShaderProgram.cpp; sourceTree = "<group>"; };
		1EFB84E92C12248B007F8329 /* glm */ = {isa = PBXFileReference; lastKnownFileType = folder; path = glm; sourceTree = "<group>"; };
		1EFB84EC2C1224BF007F8329 /* OpenGL.framework */ = {isa = PBXFileReference; lastKnownFileType = wrapper.framework; name = OpenGL.framework; path = System/Library/Frameworks/OpenGL.framework; sourceTree = SDKROOT; };
		1EFB84EE2C1224C2007F8329 /* Cocoa.framework */ = {isa = PBXFileReference; lastKnownFileType = wrapper.framework; name = Cocoa.framework; path = System/Library/Frameworks/Cocoa.framework; sourceTree = SDKROOT; };
		1EFB84F02C1224CF007F8329 /* SDL2_mixer.framework */ = {isa = PBXFileReference; lastKnownFileType = wrapper.framework; name = SDL2_mixer.framework; path = ../../../../../../../../Library/Frameworks/SDL2_mixer.framework; sourceTree = "<group>"; };
		1EFB84F12C1224CF007F8329 /* SDL2.framework */ = {isa = PBXFileReference; lastKnownFileType = wrapper.framework; name = SDL2.framework; path = ../../../../../../../../Library/Frameworks/SDL2.framework; sourceTree = "<group>"; };
		1EFB84F22C1224CF007F8329 /* SDL2_image.framework */ = {isa = PBXFileReference; lastKnownFileType = wrapper.framework; name = SDL2_image.framework; path = ../../../../../../../../Library/Frameworks/SDL2_image.framework; sourceTree = "<group>"; };
/* End PBXFileReference section */

/* Begin PBXFrameworksBuildPhase section */
		1EFB84D82C122479007F8329 /* Frameworks */ = {
			isa = PBXFrameworksBuildPhase;
			buildActionMask = 2147483647;
			files = (
				1EFB84F32C1224CF007F8329 /* SDL2_mixer.framework in Frameworks */,
				1EFB84F42C1224CF007F8329 /* SDL2.framework in Frameworks */,
				1EFB84F52C1224CF007F8329 /* SDL2_image.framework in Frameworks */,
				1EFB84EF2C1224C2007F8329 /* Cocoa.framework in Frameworks */,
				1EFB84ED2C1224BF007F8329 /* OpenGL.framework in Frameworks */,
			);
			runOnlyForDeploymentPostprocessing = 0;
		};
/* End PBXFrameworksBuildPhase section */

/* Begin PBXGroup section */
		1EFB84D22C122479007F8329 = {
			isa = PBXGroup;
			children = (
				1EFB84DD2C122479007F8329 /* SDLProject1 */,
				1EFB84DC2C122479007F8329 /* Products */,
				1EFB84EB2C1224BF007F8329 /* Frameworks */,
			);
			sourceTree = "<group>";
		};
		1EFB84DC2C122479007F8329 /* Products */ = {
			isa = PBXGroup;
			children = (
				1EFB84DB2C122479007F8329 /* SDLProject1 */,
			);
			name = Products;
			sourceTree = "<group>";
		};
		1EFB84DD2C122479007F8329 /* SDLProject1 */ = {
			isa = PBXGroup;
			children = (
				1EAD85662C126A510070253F /* dory.png */,
				1EAD85642C1266570070253F /* nemo.png */,
				1EFB84E92C12248B007F8329 /* glm */,
				1EFB84E82C12248A007F8329 /* ShaderProgram.cpp */,
				1EFB84E52C12248A007F8329 /* ShaderProgram.h */,
				1EFB84E62C12248A007F8329 /* shaders */,
				1EFB84E72C12248A007F8329 /* stb_image.h */,
				1EFB84DE2C122479007F8329 /* main.cpp */,
			);
			path = SDLProject1;
			sourceTree = "<group>";
		};
		1EFB84EB2C1224BF007F8329 /* Frameworks */ = {
			isa = PBXGroup;
			children = (
				1EFB84F22C1224CF007F8329 /* SDL2_image.framework */,
				1EFB84F02C1224CF007F8329 /* SDL2_mixer.framework */,
				1EFB84F12C1224CF007F8329 /* SDL2.framework */,
				1EFB84EE2C1224C2007F8329 /* Cocoa.framework */,
				1EFB84EC2C1224BF007F8329 /* OpenGL.framework */,
			);
			name = Frameworks;
			sourceTree = "<group>";
		};
/* End PBXGroup section */

/* Begin PBXNativeTarget section */
		1EFB84DA2C122479007F8329 /* SDLProject1 */ = {
			isa = PBXNativeTarget;
			buildConfigurationList = 1EFB84E22C122479007F8329 /* Build configuration list for PBXNativeTarget "SDLProject1" */;
			buildPhases = (
				1EFB84D72C122479007F8329 /* Sources */,
				1EFB84D82C122479007F8329 /* Frameworks */,
				1EFB84D92C122479007F8329 /* CopyFiles */,
			);
			buildRules = (
			);
			dependencies = (
			);
			name = SDLProject1;
			productName = SDLProject1;
			productReference = 1EFB84DB2C122479007F8329 /* SDLProject1 */;
			productType = "com.apple.product-type.tool";
		};
/* End PBXNativeTarget section */

/* Begin PBXProject section */
		1EFB84D32C122479007F8329 /* Project object */ = {
			isa = PBXProject;
			attributes = {
				BuildIndependentTargetsInParallel = 1;
				LastUpgradeCheck = 1540;
				TargetAttributes = {
					1EFB84DA2C122479007F8329 = {
						CreatedOnToolsVersion = 15.4;
					};
				};
			};
			buildConfigurationList = 1EFB84D62C122479007F8329 /* Build configuration list for PBXProject "SDLProject1" */;
			compatibilityVersion = "Xcode 14.0";
			developmentRegion = en;
			hasScannedForEncodings = 0;
			knownRegions = (
				en,
				Base,
			);
			mainGroup = 1EFB84D22C122479007F8329;
			productRefGroup = 1EFB84DC2C122479007F8329 /* Products */;
			projectDirPath = "";
			projectRoot = "";
			targets = (
				1EFB84DA2C122479007F8329 /* SDLProject1 */,
			);
		};
/* End PBXProject section */

/* Begin PBXSourcesBuildPhase section */
		1EFB84D72C122479007F8329 /* Sources */ = {
			isa = PBXSourcesBuildPhase;
			buildActionMask = 2147483647;
			files = (
				1EFB84DF2C122479007F8329 /* main.cpp in Sources */,
				1EFB84EA2C12248B007F8329 /* ShaderProgram.cpp in Sources */,
			);
			runOnlyForDeploymentPostprocessing = 0;
		};
/* End PBXSourcesBuildPhase section */

/* Begin XCBuildConfiguration section */
		1EFB84E02C122479007F8329 /* Debug */ = {
			isa = XCBuildConfiguration;
			buildSettings = {
				ALWAYS_SEARCH_USER_PATHS = NO;
				ASSETCATALOG_COMPILER_GENERATE_SWIFT_ASSET_SYMBOL_EXTENSIONS = YES;
				CLANG_ANALYZER_NONNULL = YES;
				CLANG_ANALYZER_NUMBER_OBJECT_CONVERSION = YES_AGGRESSIVE;
				CLANG_CXX_LANGUAGE_STANDARD = "gnu++20";
				CLANG_ENABLE_MODULES = YES;
				CLANG_ENABLE_OBJC_ARC = YES;
				CLANG_ENABLE_OBJC_WEAK = YES;
				CLANG_WARN_BLOCK_CAPTURE_AUTORELEASING = YES;
				CLANG_WARN_BOOL_CONVERSION = YES;
				CLANG_WARN_COMMA = YES;
				CLANG_WARN_CONSTANT_CONVERSION = YES;
				CLANG_WARN_DEPRECATED_OBJC_IMPLEMENTATIONS = YES;
				CLANG_WARN_DIRECT_OBJC_ISA_USAGE = YES_ERROR;
				CLANG_WARN_DOCUMENTATION_COMMENTS = YES;
				CLANG_WARN_EMPTY_BODY = YES;
				CLANG_WARN_ENUM_CONVERSION = YES;
				CLANG_WARN_INFINITE_RECURSION = YES;
				CLANG_WARN_INT_CONVERSION = YES;
				CLANG_WARN_NON_LITERAL_NULL_CONVERSION = YES;
				CLANG_WARN_OBJC_IMPLICIT_RETAIN_SELF = YES;
				CLANG_WARN_OBJC_LITERAL_CONVERSION = YES;
				CLANG_WARN_OBJC_ROOT_CLASS = YES_ERROR;
				CLANG_WARN_QUOTED_INCLUDE_IN_FRAMEWORK_HEADER = YES;
				CLANG_WARN_RANGE_LOOP_ANALYSIS = YES;
				CLANG_WARN_STRICT_PROTOTYPES = YES;
				CLANG_WARN_SUSPICIOUS_MOVE = YES;
				CLANG_WARN_UNGUARDED_AVAILABILITY = YES_AGGRESSIVE;
				CLANG_WARN_UNREACHABLE_CODE = YES;
				CLANG_WARN__DUPLICATE_METHOD_MATCH = YES;
				COPY_PHASE_STRIP = NO;
				DEBUG_INFORMATION_FORMAT = dwarf;
				ENABLE_STRICT_OBJC_MSGSEND = YES;
				ENABLE_TESTABILITY = YES;
				ENABLE_USER_SCRIPT_SANDBOXING = YES;
				GCC_C_LANGUAGE_STANDARD = gnu17;
				GCC_DYNAMIC_NO_PIC = NO;
				GCC_NO_COMMON_BLOCKS = YES;
				GCC_OPTIMIZATION_LEVEL = 0;
				GCC_PREPROCESSOR_DEFINITIONS = (
					"DEBUG=1",
					"$(inherited)",
				);
				GCC_WARN_64_TO_32_BIT_CONVERSION = YES;
				GCC_WARN_ABOUT_RETURN_TYPE = YES_ERROR;
				GCC_WARN_UNDECLARED_SELECTOR = YES;
				GCC_WARN_UNINITIALIZED_AUTOS = YES_AGGRESSIVE;
				GCC_WARN_UNUSED_FUNCTION = YES;
				GCC_WARN_UNUSED_VARIABLE = YES;
				LOCALIZATION_PREFERS_STRING_CATALOGS = YES;
				MACOSX_DEPLOYMENT_TARGET = 14.5;
				MTL_ENABLE_DEBUG_INFO = INCLUDE_SOURCE;
				MTL_FAST_MATH = YES;
				ONLY_ACTIVE_ARCH = YES;
				SDKROOT = macosx;
			};
			name = Debug;
		};
		1EFB84E12C122479007F8329 /* Release */ = {
			isa = XCBuildConfiguration;
			buildSettings = {
				ALWAYS_SEARCH_USER_PATHS = NO;
				ASSETCATALOG_COMPILER_GENERATE_SWIFT_ASSET_SYMBOL_EXTENSIONS = YES;
				CLANG_ANALYZER_NONNULL = YES;
				CLANG_ANALYZER_NUMBER_OBJECT_CONVERSION = YES_AGGRESSIVE;
				CLANG_CXX_LANGUAGE_STANDARD = "gnu++20";
				CLANG_ENABLE_MODULES = YES;
				CLANG_ENABLE_OBJC_ARC = YES;
				CLANG_ENABLE_OBJC_WEAK = YES;
				CLANG_WARN_BLOCK_CAPTURE_AUTORELEASING = YES;
				CLANG_WARN_BOOL_CONVERSION = YES;
				CLANG_WARN_COMMA = YES;
				CLANG_WARN_CONSTANT_CONVERSION = YES;
				CLANG_WARN_DEPRECATED_OBJC_IMPLEMENTATIONS = YES;
				CLANG_WARN_DIRECT_OBJC_ISA_USAGE = YES_ERROR;
				CLANG_WARN_DOCUMENTATION_COMMENTS = YES;
				CLANG_WARN_EMPTY_BODY = YES;
				CLANG_WARN_ENUM_CONVERSION = YES;
				CLANG_WARN_INFINITE_RECURSION = YES;
				CLANG_WARN_INT_CONVERSION = YES;
				CLANG_WARN_NON_LITERAL_NULL_CONVERSION = YES;
				CLANG_WARN_OBJC_IMPLICIT_RETAIN_SELF = YES;
				CLANG_WARN_OBJC_LITERAL_CONVERSION = YES;
				CLANG_WARN_OBJC_ROOT_CLASS = YES_ERROR;
				CLANG_WARN_QUOTED_INCLUDE_IN_FRAMEWORK_HEADER = YES;
				CLANG_WARN_RANGE_LOOP_ANALYSIS = YES;
				CLANG_WARN_STRICT_PROTOTYPES = YES;
				CLANG_WARN_SUSPICIOUS_MOVE = YES;
				CLANG_WARN_UNGUARDED_AVAILABILITY = YES_AGGRESSIVE;
				CLANG_WARN_UNREACHABLE_CODE = YES;
				CLANG_WARN__DUPLICATE_METHOD_MATCH = YES;
				COPY_PHASE_STRIP = NO;
				DEBUG_INFORMATION_FORMAT = "dwarf-with-dsym";
				ENABLE_NS_ASSERTIONS = NO;
				ENABLE_STRICT_OBJC_MSGSEND = YES;
				ENABLE_USER_SCRIPT_SANDBOXING = YES;
				GCC_C_LANGUAGE_STANDARD = gnu17;
				GCC_NO_COMMON_BLOCKS = YES;
				GCC_WARN_64_TO_32_BIT_CONVERSION = YES;
				GCC_WARN_ABOUT_RETURN_TYPE = YES_ERROR;
				GCC_WARN_UNDECLARED_SELECTOR = YES;
				GCC_WARN_UNINITIALIZED_AUTOS = YES_AGGRESSIVE;
				GCC_WARN_UNUSED_FUNCTION = YES;
				GCC_WARN_UNUSED_VARIABLE = YES;
				LOCALIZATION_PREFERS_STRING_CATALOGS = YES;
				MACOSX_DEPLOYMENT_TARGET = 14.5;
				MTL_ENABLE_DEBUG_INFO = NO;
				MTL_FAST_MATH = YES;
				SDKROOT = macosx;
			};
			name = Release;
		};
		1EFB84E32C122479007F8329 /* Debug */ = {
			isa = XCBuildConfiguration;
			buildSettings = {
				CODE_SIGN_STYLE = Automatic;
				FRAMEWORK_SEARCH_PATHS = (
					"$(inherited)",
					"$(LOCAL_LIBRARY_DIR)/Frameworks",
				);
				HEADER_SEARCH_PATHS = (
					/Library/Frameworks/SDL2.framework/Versions/A/Headers,
					/Library/Frameworks/SDL2_image.framework/Versions/A/Headers,
				);
				PRODUCT_NAME = "$(TARGET_NAME)";
			};
			name = Debug;
		};
		1EFB84E42C122479007F8329 /* Release */ = {
			isa = XCBuildConfiguration;
			buildSettings = {
				CODE_SIGN_STYLE = Automatic;
				FRAMEWORK_SEARCH_PATHS = (
					"$(inherited)",
					"$(LOCAL_LIBRARY_DIR)/Frameworks",
				);
				HEADER_SEARCH_PATHS = (
					/Library/Frameworks/SDL2.framework/Versions/A/Headers,
					/Library/Frameworks/SDL2_image.framework/Versions/A/Headers,
				);
				PRODUCT_NAME = "$(TARGET_NAME)";
			};
			name = Release;
		};
/* End XCBuildConfiguration section */

/* Begin XCConfigurationList section */
		1EFB84D62C122479007F8329 /* Build configuration list for PBXProject "SDLProject1" */ = {
			isa = XCConfigurationList;
			buildConfigurations = (
				1EFB84E02C122479007F8329 /* Debug */,
				1EFB84E12C122479007F8329 /* Release */,
			);
			defaultConfigurationIsVisible = 0;
			defaultConfigurationName = Release;
		};
		1EFB84E22C122479007F8329 /* Build configuration list for PBXNativeTarget "SDLProject1" */ = {
			isa = XCConfigurationList;
			buildConfigurations = (
				1EFB84E32C122479007F8329 /* Debug */,
				1EFB84E42C122479007F8329 /* Release */,
			);
			defaultConfigurationIsVisible = 0;
			defaultConfigurationName = Release;
		};
/* End XCConfigurationList section */
	};
	rootObject = 1EFB84D32C122479007F8329 /* Project object */;
}
